
Microsoft Visual Studio Solution File, Format Version 12.00
# Visual Studio Version 16
VisualStudioVersion = 16.0.29509.3
MinimumVisualStudioVersion = 10.0.40219.1
Project("{FAE04EC0-301F-11D3-BF4B-00C04F79EFBC}") = "FoS - Server", "FoS - Server\FoS - Server.csproj", "{F4F84ADD-FDD2-4E63-AF48-067E6A0FA228}"
EndProject
Project("{FAE04EC0-301F-11D3-BF4B-00C04F79EFBC}") = "DataAccess", "DataAccess\DataAccess.csproj", "{C307DFFC-208E-401F-9B59-7C823AB196CC}"
EndProject
Project("{FAE04EC0-301F-11D3-BF4B-00C04F79EFBC}") = "Data", "Data\Data.csproj", "{6785AC13-B46D-46F5-B472-7973520BD832}"
EndProject
Project("{FAE04EC0-301F-11D3-BF4B-00C04F79EFBC}") = "Common", "Models\Common.csproj", "{8BE5CB90-B0CD-4E1D-9BFC-1A3B28EC21AF}"
EndProject
Project("{FAE04EC0-301F-11D3-BF4B-00C04F79EFBC}") = "Business", "Business\Business.csproj", "{44648B97-3CDF-4013-8A75-516389B2D36D}"
EndProject
Global
	GlobalSection(SolutionConfigurationPlatforms) = preSolution
		Debug|Any CPU = Debug|Any CPU
		Release|Any CPU = Release|Any CPU
	EndGlobalSection
	GlobalSection(ProjectConfigurationPlatforms) = postSolution
		{F4F84ADD-FDD2-4E63-AF48-067E6A0FA228}.Debug|Any CPU.ActiveCfg = Debug|Any CPU
		{F4F84ADD-FDD2-4E63-AF48-067E6A0FA228}.Debug|Any CPU.Build.0 = Debug|Any CPU
		{F4F84ADD-FDD2-4E63-AF48-067E6A0FA228}.Release|Any CPU.ActiveCfg = Release|Any CPU
		{F4F84ADD-FDD2-4E63-AF48-067E6A0FA228}.Release|Any CPU.Build.0 = Release|Any CPU
		{C307DFFC-208E-401F-9B59-7C823AB196CC}.Debug|Any CPU.ActiveCfg = Debug|Any CPU
		{C307DFFC-208E-401F-9B59-7C823AB196CC}.Debug|Any CPU.Build.0 = Debug|Any CPU
		{C307DFFC-208E-401F-9B59-7C823AB196CC}.Release|Any CPU.ActiveCfg = Release|Any CPU
		{C307DFFC-208E-401F-9B59-7C823AB196CC}.Release|Any CPU.Build.0 = Release|Any CPU
		{6785AC13-B46D-46F5-B472-7973520BD832}.Debug|Any CPU.ActiveCfg = Debug|Any CPU
		{6785AC13-B46D-46F5-B472-7973520BD832}.Debug|Any CPU.Build.0 = Debug|Any CPU
		{6785AC13-B46D-46F5-B472-7973520BD832}.Release|Any CPU.ActiveCfg = Release|Any CPU
		{6785AC13-B46D-46F5-B472-7973520BD832}.Release|Any CPU.Build.0 = Release|Any CPU
		{8BE5CB90-B0CD-4E1D-9BFC-1A3B28EC21AF}.Debug|Any CPU.ActiveCfg = Debug|Any CPU
		{8BE5CB90-B0CD-4E1D-9BFC-1A3B28EC21AF}.Debug|Any CPU.Build.0 = Debug|Any CPU
		{8BE5CB90-B0CD-4E1D-9BFC-1A3B28EC21AF}.Release|Any CPU.ActiveCfg = Release|Any CPU
		{8BE5CB90-B0CD-4E1D-9BFC-1A3B28EC21AF}.Release|Any CPU.Build.0 = Release|Any CPU
		{44648B97-3CDF-4013-8A75-516389B2D36D}.Debug|Any CPU.ActiveCfg = Debug|Any CPU
		{44648B97-3CDF-4013-8A75-516389B2D36D}.Debug|Any CPU.Build.0 = Debug|Any CPU
		{44648B97-3CDF-4013-8A75-516389B2D36D}.Release|Any CPU.ActiveCfg = Release|Any CPU
		{44648B97-3CDF-4013-8A75-516389B2D36D}.Release|Any CPU.Build.0 = Release|Any CPU
	EndGlobalSection
	GlobalSection(SolutionProperties) = preSolution
		HideSolutionNode = FALSE
	EndGlobalSection
	GlobalSection(ExtensibilityGlobals) = postSolution
		SolutionGuid = {195F8C30-378B-4EFE-AABA-F8442D13380E}
	EndGlobalSection
EndGlobal
